
Microsoft Visual Studio Solution File, Format Version 12.00
# Visual Studio Version 16
VisualStudioVersion = 16.0.30413.136
MinimumVisualStudioVersion = 10.0.40219.1
Project("{9A19103F-16F7-4668-BE54-9A1E7A4F7556}") = "ProftaakRH", "ProftaakRH.csproj", "{0F053CC5-D969-4970-9501-B3428EA3D777}"
EndProject
Project("{9A19103F-16F7-4668-BE54-9A1E7A4F7556}") = "RH-Engine", "..\RH-Engine\RH-Engine.csproj", "{E7D960C3-0848-4C56-9779-DD3D5829D3D6}"
EndProject
Global
	GlobalSection(SolutionConfigurationPlatforms) = preSolution
		Debug|Any CPU = Debug|Any CPU
		Release|Any CPU = Release|Any CPU
	EndGlobalSection
	GlobalSection(ProjectConfigurationPlatforms) = postSolution
		{0F053CC5-D969-4970-9501-B3428EA3D777}.Debug|Any CPU.ActiveCfg = Debug|Any CPU
		{0F053CC5-D969-4970-9501-B3428EA3D777}.Debug|Any CPU.Build.0 = Debug|Any CPU
		{0F053CC5-D969-4970-9501-B3428EA3D777}.Release|Any CPU.ActiveCfg = Release|Any CPU
		{0F053CC5-D969-4970-9501-B3428EA3D777}.Release|Any CPU.Build.0 = Release|Any CPU
		{E7D960C3-0848-4C56-9779-DD3D5829D3D6}.Debug|Any CPU.ActiveCfg = Debug|Any CPU
		{E7D960C3-0848-4C56-9779-DD3D5829D3D6}.Debug|Any CPU.Build.0 = Debug|Any CPU
		{E7D960C3-0848-4C56-9779-DD3D5829D3D6}.Release|Any CPU.ActiveCfg = Release|Any CPU
		{E7D960C3-0848-4C56-9779-DD3D5829D3D6}.Release|Any CPU.Build.0 = Release|Any CPU
	EndGlobalSection
	GlobalSection(SolutionProperties) = preSolution
		HideSolutionNode = FALSE
	EndGlobalSection
	GlobalSection(ExtensibilityGlobals) = postSolution
		SolutionGuid = {E8D4CDF6-747D-47AE-B655-159CEBA801D5}
	EndGlobalSection
EndGlobal
