
Microsoft Visual Studio Solution File, Format Version 12.00
# Visual Studio Version 16
VisualStudioVersion = 16.0.30413.136
MinimumVisualStudioVersion = 10.0.40219.1
Project("{9A19103F-16F7-4668-BE54-9A1E7A4F7556}") = "ProftaakRH", "ProftaakRH.csproj", "{0F053CC5-D969-4970-9501-B3428EA3D777}"
EndProject
Project("{9A19103F-16F7-4668-BE54-9A1E7A4F7556}") = "RH-Engine", "..\RH-Engine\RH-Engine.csproj", "{984E295E-47A2-41E7-90E5-50FDB9E67694}"
EndProject
Project("{9A19103F-16F7-4668-BE54-9A1E7A4F7556}") = "Server", "..\Server\Server.csproj", "{B1AB6F51-A20D-4162-9A7F-B3350B7510FD}"
EndProject
Project("{9A19103F-16F7-4668-BE54-9A1E7A4F7556}") = "Client", "..\Client\Client.csproj", "{5759DD20-7A4F-4D8D-B986-A70A7818C112}"
EndProject
Project("{9A19103F-16F7-4668-BE54-9A1E7A4F7556}") = "Message", "..\Message\Message.csproj", "{9ED6832D-B0FB-4460-9BCD-FAA58863B0CE}"
EndProject
Project("{FAE04EC0-301F-11D3-BF4B-00C04F79EFBC}") = "DokterApp", "..\DokterApp\DokterApp.csproj", "{B150F08B-13DA-4D17-BD96-7E89F52727C6}"
EndProject
Project("{D954291E-2A0B-460D-934E-DC6B0785DB48}") = "Hashing", "..\Hashing\Hashing.shproj", "{70277749-D423-4871-B692-2EFC5A6ED932}"
EndProject
Global
	GlobalSection(SharedMSBuildProjectFiles) = preSolution
		..\Hashing\Hashing.projitems*{5759dd20-7a4f-4d8d-b986-a70a7818c112}*SharedItemsImports = 5
		..\Hashing\Hashing.projitems*{70277749-d423-4871-b692-2efc5a6ed932}*SharedItemsImports = 13
		..\Hashing\Hashing.projitems*{b1ab6f51-a20d-4162-9a7f-b3350b7510fd}*SharedItemsImports = 5
	EndGlobalSection
	GlobalSection(SolutionConfigurationPlatforms) = preSolution
		Debug|Any CPU = Debug|Any CPU
		Release|Any CPU = Release|Any CPU
	EndGlobalSection
	GlobalSection(ProjectConfigurationPlatforms) = postSolution
		{0F053CC5-D969-4970-9501-B3428EA3D777}.Debug|Any CPU.ActiveCfg = Debug|Any CPU
		{0F053CC5-D969-4970-9501-B3428EA3D777}.Debug|Any CPU.Build.0 = Debug|Any CPU
		{0F053CC5-D969-4970-9501-B3428EA3D777}.Release|Any CPU.ActiveCfg = Release|Any CPU
		{0F053CC5-D969-4970-9501-B3428EA3D777}.Release|Any CPU.Build.0 = Release|Any CPU
		{984E295E-47A2-41E7-90E5-50FDB9E67694}.Debug|Any CPU.ActiveCfg = Debug|Any CPU
		{984E295E-47A2-41E7-90E5-50FDB9E67694}.Debug|Any CPU.Build.0 = Debug|Any CPU
		{984E295E-47A2-41E7-90E5-50FDB9E67694}.Release|Any CPU.ActiveCfg = Release|Any CPU
		{984E295E-47A2-41E7-90E5-50FDB9E67694}.Release|Any CPU.Build.0 = Release|Any CPU
		{B1AB6F51-A20D-4162-9A7F-B3350B7510FD}.Debug|Any CPU.ActiveCfg = Debug|Any CPU
		{B1AB6F51-A20D-4162-9A7F-B3350B7510FD}.Debug|Any CPU.Build.0 = Debug|Any CPU
		{B1AB6F51-A20D-4162-9A7F-B3350B7510FD}.Release|Any CPU.ActiveCfg = Release|Any CPU
		{B1AB6F51-A20D-4162-9A7F-B3350B7510FD}.Release|Any CPU.Build.0 = Release|Any CPU
		{5759DD20-7A4F-4D8D-B986-A70A7818C112}.Debug|Any CPU.ActiveCfg = Debug|Any CPU
		{5759DD20-7A4F-4D8D-B986-A70A7818C112}.Debug|Any CPU.Build.0 = Debug|Any CPU
		{5759DD20-7A4F-4D8D-B986-A70A7818C112}.Release|Any CPU.ActiveCfg = Release|Any CPU
		{5759DD20-7A4F-4D8D-B986-A70A7818C112}.Release|Any CPU.Build.0 = Release|Any CPU
		{9ED6832D-B0FB-4460-9BCD-FAA58863B0CE}.Debug|Any CPU.ActiveCfg = Debug|Any CPU
		{9ED6832D-B0FB-4460-9BCD-FAA58863B0CE}.Debug|Any CPU.Build.0 = Debug|Any CPU
		{9ED6832D-B0FB-4460-9BCD-FAA58863B0CE}.Release|Any CPU.ActiveCfg = Release|Any CPU
		{9ED6832D-B0FB-4460-9BCD-FAA58863B0CE}.Release|Any CPU.Build.0 = Release|Any CPU
		{B150F08B-13DA-4D17-BD96-7E89F52727C6}.Debug|Any CPU.ActiveCfg = Debug|Any CPU
		{B150F08B-13DA-4D17-BD96-7E89F52727C6}.Debug|Any CPU.Build.0 = Debug|Any CPU
		{B150F08B-13DA-4D17-BD96-7E89F52727C6}.Release|Any CPU.ActiveCfg = Release|Any CPU
		{B150F08B-13DA-4D17-BD96-7E89F52727C6}.Release|Any CPU.Build.0 = Release|Any CPU
	EndGlobalSection
	GlobalSection(SolutionProperties) = preSolution
		HideSolutionNode = FALSE
	EndGlobalSection
	GlobalSection(ExtensibilityGlobals) = postSolution
		SolutionGuid = {E8D4CDF6-747D-47AE-B655-159CEBA801D5}
	EndGlobalSection
EndGlobal
